
Microsoft Visual Studio Solution File, Format Version 12.00
# Visual Studio Version 16
VisualStudioVersion = 16.0.31205.134
MinimumVisualStudioVersion = 10.0.40219.1
Project("{2150E333-8FDC-42A3-9474-1A3956D46DE8}") = "01 - Testes de Unidade", "01 - Testes de Unidade", "{92A01DFD-39CC-4E0E-9F5C-B02D5AC79B4A}"
EndProject
Project("{2150E333-8FDC-42A3-9474-1A3956D46DE8}") = "1.1 - Testes Basicos", "1.1 - Testes Basicos", "{87AF8336-A101-4DCA-8FC8-5D0EBB57615F}"
EndProject
Project("{9A19103F-16F7-4668-BE54-9A1E7A4F7556}") = "Demo", "01 - Testes de Unidade\Demo\Demo.csproj", "{E35893D2-63D1-4E82-840B-759691B3525A}"
EndProject
Project("{9A19103F-16F7-4668-BE54-9A1E7A4F7556}") = "Demo.Tests", "01 - Testes de Unidade\Demo.Tests\Demo.Tests.csproj", "{40F8D75A-5687-46A0-A074-8A87D4802C37}"
EndProject
Project("{2150E333-8FDC-42A3-9474-1A3956D46DE8}") = "2.2 - Features", "2.2 - Features", "{E6EA5278-A205-4E0A-BEE8-DAD9447A488E}"
EndProject
Project("{9A19103F-16F7-4668-BE54-9A1E7A4F7556}") = "Features", "01 - Testes de Unidade\Features\Features.csproj", "{122A722D-77CE-4168-9DFB-9D6D6E7C7686}"
EndProject
Project("{FAE04EC0-301F-11D3-BF4B-00C04F79EFBC}") = "Features.Tests", "01 - Testes de Unidade\Features.Tests\Features.Tests\Features.Tests.csproj", "{16803604-42EB-4069-A719-517DD38F4867}"
EndProject
Global
	GlobalSection(SolutionConfigurationPlatforms) = preSolution
		Debug|Any CPU = Debug|Any CPU
		Release|Any CPU = Release|Any CPU
	EndGlobalSection
	GlobalSection(ProjectConfigurationPlatforms) = postSolution
		{E35893D2-63D1-4E82-840B-759691B3525A}.Debug|Any CPU.ActiveCfg = Debug|Any CPU
		{E35893D2-63D1-4E82-840B-759691B3525A}.Debug|Any CPU.Build.0 = Debug|Any CPU
		{E35893D2-63D1-4E82-840B-759691B3525A}.Release|Any CPU.ActiveCfg = Release|Any CPU
		{E35893D2-63D1-4E82-840B-759691B3525A}.Release|Any CPU.Build.0 = Release|Any CPU
		{40F8D75A-5687-46A0-A074-8A87D4802C37}.Debug|Any CPU.ActiveCfg = Debug|Any CPU
		{40F8D75A-5687-46A0-A074-8A87D4802C37}.Debug|Any CPU.Build.0 = Debug|Any CPU
		{40F8D75A-5687-46A0-A074-8A87D4802C37}.Release|Any CPU.ActiveCfg = Release|Any CPU
		{40F8D75A-5687-46A0-A074-8A87D4802C37}.Release|Any CPU.Build.0 = Release|Any CPU
		{122A722D-77CE-4168-9DFB-9D6D6E7C7686}.Debug|Any CPU.ActiveCfg = Debug|Any CPU
		{122A722D-77CE-4168-9DFB-9D6D6E7C7686}.Debug|Any CPU.Build.0 = Debug|Any CPU
		{122A722D-77CE-4168-9DFB-9D6D6E7C7686}.Release|Any CPU.ActiveCfg = Release|Any CPU
		{122A722D-77CE-4168-9DFB-9D6D6E7C7686}.Release|Any CPU.Build.0 = Release|Any CPU
		{16803604-42EB-4069-A719-517DD38F4867}.Debug|Any CPU.ActiveCfg = Debug|Any CPU
		{16803604-42EB-4069-A719-517DD38F4867}.Debug|Any CPU.Build.0 = Debug|Any CPU
		{16803604-42EB-4069-A719-517DD38F4867}.Release|Any CPU.ActiveCfg = Release|Any CPU
		{16803604-42EB-4069-A719-517DD38F4867}.Release|Any CPU.Build.0 = Release|Any CPU
	EndGlobalSection
	GlobalSection(SolutionProperties) = preSolution
		HideSolutionNode = FALSE
	EndGlobalSection
	GlobalSection(NestedProjects) = preSolution
		{87AF8336-A101-4DCA-8FC8-5D0EBB57615F} = {92A01DFD-39CC-4E0E-9F5C-B02D5AC79B4A}
		{E35893D2-63D1-4E82-840B-759691B3525A} = {87AF8336-A101-4DCA-8FC8-5D0EBB57615F}
		{40F8D75A-5687-46A0-A074-8A87D4802C37} = {87AF8336-A101-4DCA-8FC8-5D0EBB57615F}
		{E6EA5278-A205-4E0A-BEE8-DAD9447A488E} = {92A01DFD-39CC-4E0E-9F5C-B02D5AC79B4A}
		{122A722D-77CE-4168-9DFB-9D6D6E7C7686} = {E6EA5278-A205-4E0A-BEE8-DAD9447A488E}
		{16803604-42EB-4069-A719-517DD38F4867} = {E6EA5278-A205-4E0A-BEE8-DAD9447A488E}
	EndGlobalSection
	GlobalSection(ExtensibilityGlobals) = postSolution
		SolutionGuid = {8E63B274-27A9-4B1D-9F88-CE9B123BD471}
	EndGlobalSection
EndGlobal
